// !$*UTF8*$!
{
	archiveVersion = 1;
	classes = {
	};
	objectVersion = 50;
	objects = {

/* Begin PBXBuildFile section */
		9172CB4C264FCA2A00779260 /* TableViewCell.swift in Sources */ = {isa = PBXBuildFile; fileRef = 9172CB4B264FCA2A00779260 /* TableViewCell.swift */; };
		9172CB532660251900779260 /* CalculatorController.swift in Sources */ = {isa = PBXBuildFile; fileRef = 9172CB522660251900779260 /* CalculatorController.swift */; };
		918E0E6926382F8100D8F5F1 /* AppDelegate.swift in Sources */ = {isa = PBXBuildFile; fileRef = 918E0E6826382F8100D8F5F1 /* AppDelegate.swift */; };
		918E0E6B26382F8100D8F5F1 /* SceneDelegate.swift in Sources */ = {isa = PBXBuildFile; fileRef = 918E0E6A26382F8100D8F5F1 /* SceneDelegate.swift */; };
		918E0E6D26382F8100D8F5F1 /* ViewController.swift in Sources */ = {isa = PBXBuildFile; fileRef = 918E0E6C26382F8100D8F5F1 /* ViewController.swift */; };
		918E0E7026382F8100D8F5F1 /* Main.storyboard in Resources */ = {isa = PBXBuildFile; fileRef = 918E0E6E26382F8100D8F5F1 /* Main.storyboard */; };
		918E0E7326382F8100D8F5F1 /* Homework_iOS_10.xcdatamodeld in Sources */ = {isa = PBXBuildFile; fileRef = 918E0E7126382F8100D8F5F1 /* Homework_iOS_10.xcdatamodeld */; };
		918E0E7526382F8700D8F5F1 /* Assets.xcassets in Resources */ = {isa = PBXBuildFile; fileRef = 918E0E7426382F8700D8F5F1 /* Assets.xcassets */; };
		918E0E7826382F8700D8F5F1 /* LaunchScreen.storyboard in Resources */ = {isa = PBXBuildFile; fileRef = 918E0E7626382F8700D8F5F1 /* LaunchScreen.storyboard */; };
		918E0E89263B274500D8F5F1 /* CollectionViewCell.swift in Sources */ = {isa = PBXBuildFile; fileRef = 918E0E88263B274500D8F5F1 /* CollectionViewCell.swift */; };
/* End PBXBuildFile section */

/* Begin PBXFileReference section */
		9172CB4B264FCA2A00779260 /* TableViewCell.swift */ = {isa = PBXFileReference; lastKnownFileType = sourcecode.swift; path = TableViewCell.swift; sourceTree = "<group>"; };
		9172CB522660251900779260 /* CalculatorController.swift */ = {isa = PBXFileReference; lastKnownFileType = sourcecode.swift; path = CalculatorController.swift; sourceTree = "<group>"; };
		918E0E6526382F8100D8F5F1 /* Homework_iOS_10.app */ = {isa = PBXFileReference; explicitFileType = wrapper.application; includeInIndex = 0; path = Homework_iOS_10.app; sourceTree = BUILT_PRODUCTS_DIR; };
		918E0E6826382F8100D8F5F1 /* AppDelegate.swift */ = {isa = PBXFileReference; lastKnownFileType = sourcecode.swift; path = AppDelegate.swift; sourceTree = "<group>"; };
		918E0E6A26382F8100D8F5F1 /* SceneDelegate.swift */ = {isa = PBXFileReference; lastKnownFileType = sourcecode.swift; path = SceneDelegate.swift; sourceTree = "<group>"; };
		918E0E6C26382F8100D8F5F1 /* ViewController.swift */ = {isa = PBXFileReference; lastKnownFileType = sourcecode.swift; path = ViewController.swift; sourceTree = "<group>"; };
		918E0E6F26382F8100D8F5F1 /* Base */ = {isa = PBXFileReference; lastKnownFileType = file.storyboard; name = Base; path = Base.lproj/Main.storyboard; sourceTree = "<group>"; };
		918E0E7226382F8100D8F5F1 /* Homework_iOS_10.xcdatamodel */ = {isa = PBXFileReference; lastKnownFileType = wrapper.xcdatamodel; path = Homework_iOS_10.xcdatamodel; sourceTree = "<group>"; };
		918E0E7426382F8700D8F5F1 /* Assets.xcassets */ = {isa = PBXFileReference; lastKnownFileType = folder.assetcatalog; path = Assets.xcassets; sourceTree = "<group>"; };
		918E0E7726382F8700D8F5F1 /* Base */ = {isa = PBXFileReference; lastKnownFileType = file.storyboard; name = Base; path = Base.lproj/LaunchScreen.storyboard; sourceTree = "<group>"; };
		918E0E7926382F8700D8F5F1 /* Info.plist */ = {isa = PBXFileReference; lastKnownFileType = text.plist.xml; path = Info.plist; sourceTree = "<group>"; };
		918E0E88263B274500D8F5F1 /* CollectionViewCell.swift */ = {isa = PBXFileReference; lastKnownFileType = sourcecode.swift; path = CollectionViewCell.swift; sourceTree = "<group>"; };
/* End PBXFileReference section */

/* Begin PBXFrameworksBuildPhase section */
		918E0E6226382F8100D8F5F1 /* Frameworks */ = {
			isa = PBXFrameworksBuildPhase;
			buildActionMask = 2147483647;
			files = (
			);
			runOnlyForDeploymentPostprocessing = 0;
		};
/* End PBXFrameworksBuildPhase section */

/* Begin PBXGroup section */
		918E0E5C26382F8000D8F5F1 = {
			isa = PBXGroup;
			children = (
				918E0E6726382F8100D8F5F1 /* Homework_iOS_10 */,
				918E0E6626382F8100D8F5F1 /* Products */,
			);
			sourceTree = "<group>";
		};
		918E0E6626382F8100D8F5F1 /* Products */ = {
			isa = PBXGroup;
			children = (
				918E0E6526382F8100D8F5F1 /* Homework_iOS_10.app */,
			);
			name = Products;
			sourceTree = "<group>";
		};
		918E0E6726382F8100D8F5F1 /* Homework_iOS_10 */ = {
			isa = PBXGroup;
			children = (
				918E0E6826382F8100D8F5F1 /* AppDelegate.swift */,
				918E0E6A26382F8100D8F5F1 /* SceneDelegate.swift */,
				918E0E6C26382F8100D8F5F1 /* ViewController.swift */,
				9172CB522660251900779260 /* CalculatorController.swift */,
				918E0E6E26382F8100D8F5F1 /* Main.storyboard */,
				9172CB4B264FCA2A00779260 /* TableViewCell.swift */,
				918E0E88263B274500D8F5F1 /* CollectionViewCell.swift */,
				918E0E7426382F8700D8F5F1 /* Assets.xcassets */,
				918E0E7626382F8700D8F5F1 /* LaunchScreen.storyboard */,
				918E0E7926382F8700D8F5F1 /* Info.plist */,
				918E0E7126382F8100D8F5F1 /* Homework_iOS_10.xcdatamodeld */,
			);
			path = Homework_iOS_10;
			sourceTree = "<group>";
		};
/* End PBXGroup section */

/* Begin PBXNativeTarget section */
		918E0E6426382F8100D8F5F1 /* Homework_iOS_10 */ = {
			isa = PBXNativeTarget;
			buildConfigurationList = 918E0E7C26382F8700D8F5F1 /* Build configuration list for PBXNativeTarget "Homework_iOS_10" */;
			buildPhases = (
				918E0E6126382F8100D8F5F1 /* Sources */,
				918E0E6226382F8100D8F5F1 /* Frameworks */,
				918E0E6326382F8100D8F5F1 /* Resources */,
			);
			buildRules = (
			);
			dependencies = (
			);
			name = Homework_iOS_10;
			productName = Homework_iOS_10;
			productReference = 918E0E6526382F8100D8F5F1 /* Homework_iOS_10.app */;
			productType = "com.apple.product-type.application";
		};
/* End PBXNativeTarget section */

/* Begin PBXProject section */
		918E0E5D26382F8000D8F5F1 /* Project object */ = {
			isa = PBXProject;
			attributes = {
				LastSwiftUpdateCheck = 1240;
				LastUpgradeCheck = 1240;
				TargetAttributes = {
					918E0E6426382F8100D8F5F1 = {
						CreatedOnToolsVersion = 12.4;
					};
				};
			};
			buildConfigurationList = 918E0E6026382F8000D8F5F1 /* Build configuration list for PBXProject "Homework_iOS_10" */;
			compatibilityVersion = "Xcode 9.3";
			developmentRegion = en;
			hasScannedForEncodings = 0;
			knownRegions = (
				en,
				Base,
			);
			mainGroup = 918E0E5C26382F8000D8F5F1;
			productRefGroup = 918E0E6626382F8100D8F5F1 /* Products */;
			projectDirPath = "";
			projectRoot = "";
			targets = (
				918E0E6426382F8100D8F5F1 /* Homework_iOS_10 */,
			);
		};
/* End PBXProject section */

/* Begin PBXResourcesBuildPhase section */
		918E0E6326382F8100D8F5F1 /* Resources */ = {
			isa = PBXResourcesBuildPhase;
			buildActionMask = 2147483647;
			files = (
				918E0E7826382F8700D8F5F1 /* LaunchScreen.storyboard in Resources */,
				918E0E7526382F8700D8F5F1 /* Assets.xcassets in Resources */,
				918E0E7026382F8100D8F5F1 /* Main.storyboard in Resources */,
			);
			runOnlyForDeploymentPostprocessing = 0;
		};
/* End PBXResourcesBuildPhase section */

/* Begin PBXSourcesBuildPhase section */
		918E0E6126382F8100D8F5F1 /* Sources */ = {
			isa = PBXSourcesBuildPhase;
			buildActionMask = 2147483647;
			files = (
				918E0E89263B274500D8F5F1 /* CollectionViewCell.swift in Sources */,
				918E0E6D26382F8100D8F5F1 /* ViewController.swift in Sources */,
				9172CB532660251900779260 /* CalculatorController.swift in Sources */,
				918E0E6926382F8100D8F5F1 /* AppDelegate.swift in Sources */,
				9172CB4C264FCA2A00779260 /* TableViewCell.swift in Sources */,
				918E0E7326382F8100D8F5F1 /* Homework_iOS_10.xcdatamodeld in Sources */,
				918E0E6B26382F8100D8F5F1 /* SceneDelegate.swift in Sources */,
			);
			runOnlyForDeploymentPostprocessing = 0;
		};
/* End PBXSourcesBuildPhase section */

/* Begin PBXVariantGroup section */
		918E0E6E26382F8100D8F5F1 /* Main.storyboard */ = {
			isa = PBXVariantGroup;
			children = (
				918E0E6F26382F8100D8F5F1 /* Base */,
			);
			name = Main.storyboard;
			sourceTree = "<group>";
		};
		918E0E7626382F8700D8F5F1 /* LaunchScreen.storyboard */ = {
			isa = PBXVariantGroup;
			children = (
				918E0E7726382F8700D8F5F1 /* Base */,
			);
			name = LaunchScreen.storyboard;
			sourceTree = "<group>";
		};
/* End PBXVariantGroup section */

/* Begin XCBuildConfiguration section */
		918E0E7A26382F8700D8F5F1 /* Debug */ = {
			isa = XCBuildConfiguration;
			buildSettings = {
				ALWAYS_SEARCH_USER_PATHS = NO;
				CLANG_ANALYZER_NONNULL = YES;
				CLANG_ANALYZER_NUMBER_OBJECT_CONVERSION = YES_AGGRESSIVE;
				CLANG_CXX_LANGUAGE_STANDARD = "gnu++14";
				CLANG_CXX_LIBRARY = "libc++";
				CLANG_ENABLE_MODULES = YES;
				CLANG_ENABLE_OBJC_ARC = YES;
				CLANG_ENABLE_OBJC_WEAK = YES;
				CLANG_WARN_BLOCK_CAPTURE_AUTORELEASING = YES;
				CLANG_WARN_BOOL_CONVERSION = YES;
				CLANG_WARN_COMMA = YES;
				CLANG_WARN_CONSTANT_CONVERSION = YES;
				CLANG_WARN_DEPRECATED_OBJC_IMPLEMENTATIONS = YES;
				CLANG_WARN_DIRECT_OBJC_ISA_USAGE = YES_ERROR;
				CLANG_WARN_DOCUMENTATION_COMMENTS = YES;
				CLANG_WARN_EMPTY_BODY = YES;
				CLANG_WARN_ENUM_CONVERSION = YES;
				CLANG_WARN_INFINITE_RECURSION = YES;
				CLANG_WARN_INT_CONVERSION = YES;
				CLANG_WARN_NON_LITERAL_NULL_CONVERSION = YES;
				CLANG_WARN_OBJC_IMPLICIT_RETAIN_SELF = YES;
				CLANG_WARN_OBJC_LITERAL_CONVERSION = YES;
				CLANG_WARN_OBJC_ROOT_CLASS = YES_ERROR;
				CLANG_WARN_QUOTED_INCLUDE_IN_FRAMEWORK_HEADER = YES;
				CLANG_WARN_RANGE_LOOP_ANALYSIS = YES;
				CLANG_WARN_STRICT_PROTOTYPES = YES;
				CLANG_WARN_SUSPICIOUS_MOVE = YES;
				CLANG_WARN_UNGUARDED_AVAILABILITY = YES_AGGRESSIVE;
				CLANG_WARN_UNREACHABLE_CODE = YES;
				CLANG_WARN__DUPLICATE_METHOD_MATCH = YES;
				COPY_PHASE_STRIP = NO;
				DEBUG_INFORMATION_FORMAT = dwarf;
				ENABLE_STRICT_OBJC_MSGSEND = YES;
				ENABLE_TESTABILITY = YES;
				GCC_C_LANGUAGE_STANDARD = gnu11;
				GCC_DYNAMIC_NO_PIC = NO;
				GCC_NO_COMMON_BLOCKS = YES;
				GCC_OPTIMIZATION_LEVEL = 0;
				GCC_PREPROCESSOR_DEFINITIONS = (
					"DEBUG=1",
					"$(inherited)",
				);
				GCC_WARN_64_TO_32_BIT_CONVERSION = YES;
				GCC_WARN_ABOUT_RETURN_TYPE = YES_ERROR;
				GCC_WARN_UNDECLARED_SELECTOR = YES;
				GCC_WARN_UNINITIALIZED_AUTOS = YES_AGGRESSIVE;
				GCC_WARN_UNUSED_FUNCTION = YES;
				GCC_WARN_UNUSED_VARIABLE = YES;
				IPHONEOS_DEPLOYMENT_TARGET = 14.4;
				MTL_ENABLE_DEBUG_INFO = INCLUDE_SOURCE;
				MTL_FAST_MATH = YES;
				ONLY_ACTIVE_ARCH = YES;
				SDKROOT = iphoneos;
				SWIFT_ACTIVE_COMPILATION_CONDITIONS = DEBUG;
				SWIFT_OPTIMIZATION_LEVEL = "-Onone";
			};
			name = Debug;
		};
		918E0E7B26382F8700D8F5F1 /* Release */ = {
			isa = XCBuildConfiguration;
			buildSettings = {
				ALWAYS_SEARCH_USER_PATHS = NO;
				CLANG_ANALYZER_NONNULL = YES;
				CLANG_ANALYZER_NUMBER_OBJECT_CONVERSION = YES_AGGRESSIVE;
				CLANG_CXX_LANGUAGE_STANDARD = "gnu++14";
				CLANG_CXX_LIBRARY = "libc++";
				CLANG_ENABLE_MODULES = YES;
				CLANG_ENABLE_OBJC_ARC = YES;
				CLANG_ENABLE_OBJC_WEAK = YES;
				CLANG_WARN_BLOCK_CAPTURE_AUTORELEASING = YES;
				CLANG_WARN_BOOL_CONVERSION = YES;
				CLANG_WARN_COMMA = YES;
				CLANG_WARN_CONSTANT_CONVERSION = YES;
				CLANG_WARN_DEPRECATED_OBJC_IMPLEMENTATIONS = YES;
				CLANG_WARN_DIRECT_OBJC_ISA_USAGE = YES_ERROR;
				CLANG_WARN_DOCUMENTATION_COMMENTS = YES;
				CLANG_WARN_EMPTY_BODY = YES;
				CLANG_WARN_ENUM_CONVERSION = YES;
				CLANG_WARN_INFINITE_RECURSION = YES;
				CLANG_WARN_INT_CONVERSION = YES;
				CLANG_WARN_NON_LITERAL_NULL_CONVERSION = YES;
				CLANG_WARN_OBJC_IMPLICIT_RETAIN_SELF = YES;
				CLANG_WARN_OBJC_LITERAL_CONVERSION = YES;
				CLANG_WARN_OBJC_ROOT_CLASS = YES_ERROR;
				CLANG_WARN_QUOTED_INCLUDE_IN_FRAMEWORK_HEADER = YES;
				CLANG_WARN_RANGE_LOOP_ANALYSIS = YES;
				CLANG_WARN_STRICT_PROTOTYPES = YES;
				CLANG_WARN_SUSPICIOUS_MOVE = YES;
				CLANG_WARN_UNGUARDED_AVAILABILITY = YES_AGGRESSIVE;
				CLANG_WARN_UNREACHABLE_CODE = YES;
				CLANG_WARN__DUPLICATE_METHOD_MATCH = YES;
				COPY_PHASE_STRIP = NO;
				DEBUG_INFORMATION_FORMAT = "dwarf-with-dsym";
				ENABLE_NS_ASSERTIONS = NO;
				ENABLE_STRICT_OBJC_MSGSEND = YES;
				GCC_C_LANGUAGE_STANDARD = gnu11;
				GCC_NO_COMMON_BLOCKS = YES;
				GCC_WARN_64_TO_32_BIT_CONVERSION = YES;
				GCC_WARN_ABOUT_RETURN_TYPE = YES_ERROR;
				GCC_WARN_UNDECLARED_SELECTOR = YES;
				GCC_WARN_UNINITIALIZED_AUTOS = YES_AGGRESSIVE;
				GCC_WARN_UNUSED_FUNCTION = YES;
				GCC_WARN_UNUSED_VARIABLE = YES;
				IPHONEOS_DEPLOYMENT_TARGET = 14.4;
				MTL_ENABLE_DEBUG_INFO = NO;
				MTL_FAST_MATH = YES;
				SDKROOT = iphoneos;
				SWIFT_COMPILATION_MODE = wholemodule;
				SWIFT_OPTIMIZATION_LEVEL = "-O";
				VALIDATE_PRODUCT = YES;
			};
			name = Release;
		};
		918E0E7D26382F8700D8F5F1 /* Debug */ = {
			isa = XCBuildConfiguration;
			buildSettings = {
				ASSETCATALOG_COMPILER_APPICON_NAME = AppIcon;
				ASSETCATALOG_COMPILER_GLOBAL_ACCENT_COLOR_NAME = AccentColor;
				CODE_SIGN_STYLE = Automatic;
				INFOPLIST_FILE = Homework_iOS_10/Info.plist;
				LD_RUNPATH_SEARCH_PATHS = (
					"$(inherited)",
					"@executable_path/Frameworks",
				);
				PRODUCT_BUNDLE_IDENTIFIER = "edu.AM.Homework-iOS-10";
				PRODUCT_NAME = "$(TARGET_NAME)";
				SWIFT_VERSION = 5.0;
				TARGETED_DEVICE_FAMILY = "1,2";
			};
			name = Debug;
		};
		918E0E7E26382F8700D8F5F1 /* Release */ = {
			isa = XCBuildConfiguration;
			buildSettings = {
				ASSETCATALOG_COMPILER_APPICON_NAME = AppIcon;
				ASSETCATALOG_COMPILER_GLOBAL_ACCENT_COLOR_NAME = AccentColor;
				CODE_SIGN_STYLE = Automatic;
				INFOPLIST_FILE = Homework_iOS_10/Info.plist;
				LD_RUNPATH_SEARCH_PATHS = (
					"$(inherited)",
					"@executable_path/Frameworks",
				);
				PRODUCT_BUNDLE_IDENTIFIER = "edu.AM.Homework-iOS-10";
				PRODUCT_NAME = "$(TARGET_NAME)";
				SWIFT_VERSION = 5.0;
				TARGETED_DEVICE_FAMILY = "1,2";
			};
			name = Release;
		};
/* End XCBuildConfiguration section */

/* Begin XCConfigurationList section */
		918E0E6026382F8000D8F5F1 /* Build configuration list for PBXProject "Homework_iOS_10" */ = {
			isa = XCConfigurationList;
			buildConfigurations = (
				918E0E7A26382F8700D8F5F1 /* Debug */,
				918E0E7B26382F8700D8F5F1 /* Release */,
			);
			defaultConfigurationIsVisible = 0;
			defaultConfigurationName = Release;
		};
		918E0E7C26382F8700D8F5F1 /* Build configuration list for PBXNativeTarget "Homework_iOS_10" */ = {
			isa = XCConfigurationList;
			buildConfigurations = (
				918E0E7D26382F8700D8F5F1 /* Debug */,
				918E0E7E26382F8700D8F5F1 /* Release */,
			);
			defaultConfigurationIsVisible = 0;
			defaultConfigurationName = Release;
		};
/* End XCConfigurationList section */

/* Begin XCVersionGroup section */
		918E0E7126382F8100D8F5F1 /* Homework_iOS_10.xcdatamodeld */ = {
			isa = XCVersionGroup;
			children = (
				918E0E7226382F8100D8F5F1 /* Homework_iOS_10.xcdatamodel */,
			);
			currentVersion = 918E0E7226382F8100D8F5F1 /* Homework_iOS_10.xcdatamodel */;
			path = Homework_iOS_10.xcdatamodeld;
			sourceTree = "<group>";
			versionGroupType = wrapper.xcdatamodel;
		};
/* End XCVersionGroup section */
	};
	rootObject = 918E0E5D26382F8000D8F5F1 /* Project object */;
}
